
Microsoft Visual Studio Solution File, Format Version 12.00
# Visual Studio Version 17
VisualStudioVersion = 17.7.34031.279
MinimumVisualStudioVersion = 10.0.40219.1
Project("{FAE04EC0-301F-11D3-BF4B-00C04F79EFBC}") = "DOAN_BUIVANDAT", "DOAN_BUIVANDAT\DOAN_BUIVANDAT.csproj", "{BC1C12B1-4169-4363-916D-C5AB1324E40E}"
EndProject
Global
	GlobalSection(SolutionConfigurationPlatforms) = preSolution
		Debug|Any CPU = Debug|Any CPU
		Release|Any CPU = Release|Any CPU
	EndGlobalSection
	GlobalSection(ProjectConfigurationPlatforms) = postSolution
		{BC1C12B1-4169-4363-916D-C5AB1324E40E}.Debug|Any CPU.ActiveCfg = Debug|Any CPU
		{BC1C12B1-4169-4363-916D-C5AB1324E40E}.Debug|Any CPU.Build.0 = Debug|Any CPU
		{BC1C12B1-4169-4363-916D-C5AB1324E40E}.Release|Any CPU.ActiveCfg = Release|Any CPU
		{BC1C12B1-4169-4363-916D-C5AB1324E40E}.Release|Any CPU.Build.0 = Release|Any CPU
	EndGlobalSection
	GlobalSection(SolutionProperties) = preSolution
		HideSolutionNode = FALSE
	EndGlobalSection
	GlobalSection(ExtensibilityGlobals) = postSolution
		SolutionGuid = {8264D1FB-4F7E-47EB-B5CA-1DE7D169C1AC}
	EndGlobalSection
EndGlobal
